// !$*UTF8*$!
{
	archiveVersion = 1;
	classes = {
	};
	objectVersion = 46;
	objects = {

/* Begin PBXBuildFile section */
		016C56021F6DDE010049ABC3 /* main.m in Sources */ = {isa = PBXBuildFile; fileRef = 016C56011F6DDE010049ABC3 /* main.m */; };
		016C56051F6DDE010049ABC3 /* AppDelegate.m in Sources */ = {isa = PBXBuildFile; fileRef = 016C56041F6DDE010049ABC3 /* AppDelegate.m */; };
		016C56081F6DDE010049ABC3 /* ViewController.m in Sources */ = {isa = PBXBuildFile; fileRef = 016C56071F6DDE010049ABC3 /* ViewController.m */; };
		016C560B1F6DDE010049ABC3 /* Main.storyboard in Resources */ = {isa = PBXBuildFile; fileRef = 016C56091F6DDE010049ABC3 /* Main.storyboard */; };
		016C560D1F6DDE010049ABC3 /* Assets.xcassets in Resources */ = {isa = PBXBuildFile; fileRef = 016C560C1F6DDE010049ABC3 /* Assets.xcassets */; };
		016C56101F6DDE010049ABC3 /* LaunchScreen.storyboard in Resources */ = {isa = PBXBuildFile; fileRef = 016C560E1F6DDE010049ABC3 /* LaunchScreen.storyboard */; };
		016C56191F6DFAF40049ABC3 /* BillCalculator.m in Sources */ = {isa = PBXBuildFile; fileRef = 016C56181F6DFAF40049ABC3 /* BillCalculator.m */; };
/* End PBXBuildFile section */

/* Begin PBXFileReference section */
		016C55FD1F6DDE010049ABC3 /* Bill Splitter.app */ = {isa = PBXFileReference; explicitFileType = wrapper.application; includeInIndex = 0; path = "Bill Splitter.app"; sourceTree = BUILT_PRODUCTS_DIR; };
		016C56011F6DDE010049ABC3 /* main.m */ = {isa = PBXFileReference; lastKnownFileType = sourcecode.c.objc; path = main.m; sourceTree = "<group>"; };
		016C56031F6DDE010049ABC3 /* AppDelegate.h */ = {isa = PBXFileReference; lastKnownFileType = sourcecode.c.h; path = AppDelegate.h; sourceTree = "<group>"; };
		016C56041F6DDE010049ABC3 /* AppDelegate.m */ = {isa = PBXFileReference; lastKnownFileType = sourcecode.c.objc; path = AppDelegate.m; sourceTree = "<group>"; };
		016C56061F6DDE010049ABC3 /* ViewController.h */ = {isa = PBXFileReference; lastKnownFileType = sourcecode.c.h; path = ViewController.h; sourceTree = "<group>"; };
		016C56071F6DDE010049ABC3 /* ViewController.m */ = {isa = PBXFileReference; lastKnownFileType = sourcecode.c.objc; path = ViewController.m; sourceTree = "<group>"; };
		016C560A1F6DDE010049ABC3 /* Base */ = {isa = PBXFileReference; lastKnownFileType = file.storyboard; name = Base; path = Base.lproj/Main.storyboard; sourceTree = "<group>"; };
		016C560C1F6DDE010049ABC3 /* Assets.xcassets */ = {isa = PBXFileReference; lastKnownFileType = folder.assetcatalog; path = Assets.xcassets; sourceTree = "<group>"; };
		016C560F1F6DDE010049ABC3 /* Base */ = {isa = PBXFileReference; lastKnownFileType = file.storyboard; name = Base; path = Base.lproj/LaunchScreen.storyboard; sourceTree = "<group>"; };
		016C56111F6DDE010049ABC3 /* Info.plist */ = {isa = PBXFileReference; lastKnownFileType = text.plist.xml; path = Info.plist; sourceTree = "<group>"; };
		016C56171F6DFAF40049ABC3 /* BillCalculator.h */ = {isa = PBXFileReference; fileEncoding = 4; lastKnownFileType = sourcecode.c.h; path = BillCalculator.h; sourceTree = "<group>"; };
		016C56181F6DFAF40049ABC3 /* BillCalculator.m */ = {isa = PBXFileReference; fileEncoding = 4; lastKnownFileType = sourcecode.c.objc; path = BillCalculator.m; sourceTree = "<group>"; };
/* End PBXFileReference section */

/* Begin PBXFrameworksBuildPhase section */
		016C55FA1F6DDE010049ABC3 /* Frameworks */ = {
			isa = PBXFrameworksBuildPhase;
			buildActionMask = 2147483647;
			files = (
			);
			runOnlyForDeploymentPostprocessing = 0;
		};
/* End PBXFrameworksBuildPhase section */

/* Begin PBXGroup section */
		016C55F41F6DDE010049ABC3 = {
			isa = PBXGroup;
			children = (
				016C55FF1F6DDE010049ABC3 /* Bill Splitter */,
				016C55FE1F6DDE010049ABC3 /* Products */,
			);
			sourceTree = "<group>";
		};
		016C55FE1F6DDE010049ABC3 /* Products */ = {
			isa = PBXGroup;
			children = (
				016C55FD1F6DDE010049ABC3 /* Bill Splitter.app */,
			);
			name = Products;
			sourceTree = "<group>";
		};
		016C55FF1F6DDE010049ABC3 /* Bill Splitter */ = {
			isa = PBXGroup;
			children = (
				016C561C1F6DFB120049ABC3 /* Controller */,
				016C561B1F6DFB080049ABC3 /* View */,
				016C561A1F6DFAF90049ABC3 /* Model */,
				016C56001F6DDE010049ABC3 /* Supporting Files */,
			);
			path = "Bill Splitter";
			sourceTree = "<group>";
		};
		016C56001F6DDE010049ABC3 /* Supporting Files */ = {
			isa = PBXGroup;
			children = (
				016C560C1F6DDE010049ABC3 /* Assets.xcassets */,
				016C560E1F6DDE010049ABC3 /* LaunchScreen.storyboard */,
				016C56111F6DDE010049ABC3 /* Info.plist */,
				016C56011F6DDE010049ABC3 /* main.m */,
			);
			name = "Supporting Files";
			sourceTree = "<group>";
		};
		016C561A1F6DFAF90049ABC3 /* Model */ = {
			isa = PBXGroup;
			children = (
				016C56171F6DFAF40049ABC3 /* BillCalculator.h */,
				016C56181F6DFAF40049ABC3 /* BillCalculator.m */,
			);
			name = Model;
			sourceTree = "<group>";
		};
		016C561B1F6DFB080049ABC3 /* View */ = {
			isa = PBXGroup;
			children = (
				016C56091F6DDE010049ABC3 /* Main.storyboard */,
			);
			name = View;
			sourceTree = "<group>";
		};
		016C561C1F6DFB120049ABC3 /* Controller */ = {
			isa = PBXGroup;
			children = (
				016C56031F6DDE010049ABC3 /* AppDelegate.h */,
				016C56041F6DDE010049ABC3 /* AppDelegate.m */,
				016C56061F6DDE010049ABC3 /* ViewController.h */,
				016C56071F6DDE010049ABC3 /* ViewController.m */,
			);
			name = Controller;
			sourceTree = "<group>";
		};
/* End PBXGroup section */

/* Begin PBXNativeTarget section */
		016C55FC1F6DDE010049ABC3 /* Bill Splitter */ = {
			isa = PBXNativeTarget;
			buildConfigurationList = 016C56141F6DDE010049ABC3 /* Build configuration list for PBXNativeTarget "Bill Splitter" */;
			buildPhases = (
				016C55F91F6DDE010049ABC3 /* Sources */,
				016C55FA1F6DDE010049ABC3 /* Frameworks */,
				016C55FB1F6DDE010049ABC3 /* Resources */,
			);
			buildRules = (
			);
			dependencies = (
			);
			name = "Bill Splitter";
			productName = "Bill Splitter";
			productReference = 016C55FD1F6DDE010049ABC3 /* Bill Splitter.app */;
			productType = "com.apple.product-type.application";
		};
/* End PBXNativeTarget section */

/* Begin PBXProject section */
		016C55F51F6DDE010049ABC3 /* Project object */ = {
			isa = PBXProject;
			attributes = {
				LastUpgradeCheck = 0830;
				ORGANIZATIONNAME = "Nicolas Guerrero";
				TargetAttributes = {
					016C55FC1F6DDE010049ABC3 = {
						CreatedOnToolsVersion = 8.3.3;
						ProvisioningStyle = Automatic;
					};
				};
			};
			buildConfigurationList = 016C55F81F6DDE010049ABC3 /* Build configuration list for PBXProject "Bill Splitter" */;
			compatibilityVersion = "Xcode 3.2";
			developmentRegion = English;
			hasScannedForEncodings = 0;
			knownRegions = (
				en,
				Base,
			);
			mainGroup = 016C55F41F6DDE010049ABC3;
			productRefGroup = 016C55FE1F6DDE010049ABC3 /* Products */;
			projectDirPath = "";
			projectRoot = "";
			targets = (
				016C55FC1F6DDE010049ABC3 /* Bill Splitter */,
			);
		};
/* End PBXProject section */

/* Begin PBXResourcesBuildPhase section */
		016C55FB1F6DDE010049ABC3 /* Resources */ = {
			isa = PBXResourcesBuildPhase;
			buildActionMask = 2147483647;
			files = (
				016C56101F6DDE010049ABC3 /* LaunchScreen.storyboard in Resources */,
				016C560D1F6DDE010049ABC3 /* Assets.xcassets in Resources */,
				016C560B1F6DDE010049ABC3 /* Main.storyboard in Resources */,
			);
			runOnlyForDeploymentPostprocessing = 0;
		};
/* End PBXResourcesBuildPhase section */

/* Begin PBXSourcesBuildPhase section */
		016C55F91F6DDE010049ABC3 /* Sources */ = {
			isa = PBXSourcesBuildPhase;
			buildActionMask = 2147483647;
			files = (
				016C56191F6DFAF40049ABC3 /* BillCalculator.m in Sources */,
				016C56081F6DDE010049ABC3 /* ViewController.m in Sources */,
				016C56051F6DDE010049ABC3 /* AppDelegate.m in Sources */,
				016C56021F6DDE010049ABC3 /* main.m in Sources */,
			);
			runOnlyForDeploymentPostprocessing = 0;
		};
/* End PBXSourcesBuildPhase section */

/* Begin PBXVariantGroup section */
		016C56091F6DDE010049ABC3 /* Main.storyboard */ = {
			isa = PBXVariantGroup;
			children = (
				016C560A1F6DDE010049ABC3 /* Base */,
			);
			name = Main.storyboard;
			sourceTree = "<group>";
		};
		016C560E1F6DDE010049ABC3 /* LaunchScreen.storyboard */ = {
			isa = PBXVariantGroup;
			children = (
				016C560F1F6DDE010049ABC3 /* Base */,
			);
			name = LaunchScreen.storyboard;
			sourceTree = "<group>";
		};
/* End PBXVariantGroup section */

/* Begin XCBuildConfiguration section */
		016C56121F6DDE010049ABC3 /* Debug */ = {
			isa = XCBuildConfiguration;
			buildSettings = {
				ALWAYS_SEARCH_USER_PATHS = NO;
				CLANG_ANALYZER_NONNULL = YES;
				CLANG_ANALYZER_NUMBER_OBJECT_CONVERSION = YES_AGGRESSIVE;
				CLANG_CXX_LANGUAGE_STANDARD = "gnu++0x";
				CLANG_CXX_LIBRARY = "libc++";
				CLANG_ENABLE_MODULES = YES;
				CLANG_ENABLE_OBJC_ARC = YES;
				CLANG_WARN_BOOL_CONVERSION = YES;
				CLANG_WARN_CONSTANT_CONVERSION = YES;
				CLANG_WARN_DIRECT_OBJC_ISA_USAGE = YES_ERROR;
				CLANG_WARN_DOCUMENTATION_COMMENTS = YES;
				CLANG_WARN_EMPTY_BODY = YES;
				CLANG_WARN_ENUM_CONVERSION = YES;
				CLANG_WARN_INFINITE_RECURSION = YES;
				CLANG_WARN_INT_CONVERSION = YES;
				CLANG_WARN_OBJC_ROOT_CLASS = YES_ERROR;
				CLANG_WARN_SUSPICIOUS_MOVE = YES;
				CLANG_WARN_UNREACHABLE_CODE = YES;
				CLANG_WARN__DUPLICATE_METHOD_MATCH = YES;
				"CODE_SIGN_IDENTITY[sdk=iphoneos*]" = "iPhone Developer";
				COPY_PHASE_STRIP = NO;
				DEBUG_INFORMATION_FORMAT = dwarf;
				ENABLE_STRICT_OBJC_MSGSEND = YES;
				ENABLE_TESTABILITY = YES;
				GCC_C_LANGUAGE_STANDARD = gnu99;
				GCC_DYNAMIC_NO_PIC = NO;
				GCC_NO_COMMON_BLOCKS = YES;
				GCC_OPTIMIZATION_LEVEL = 0;
				GCC_PREPROCESSOR_DEFINITIONS = (
					"DEBUG=1",
					"$(inherited)",
				);
				GCC_WARN_64_TO_32_BIT_CONVERSION = YES;
				GCC_WARN_ABOUT_RETURN_TYPE = YES_ERROR;
				GCC_WARN_UNDECLARED_SELECTOR = YES;
				GCC_WARN_UNINITIALIZED_AUTOS = YES_AGGRESSIVE;
				GCC_WARN_UNUSED_FUNCTION = YES;
				GCC_WARN_UNUSED_VARIABLE = YES;
				IPHONEOS_DEPLOYMENT_TARGET = 10.3;
				MTL_ENABLE_DEBUG_INFO = YES;
				ONLY_ACTIVE_ARCH = YES;
				SDKROOT = iphoneos;
				TARGETED_DEVICE_FAMILY = "1,2";
			};
			name = Debug;
		};
		016C56131F6DDE010049ABC3 /* Release */ = {
			isa = XCBuildConfiguration;
			buildSettings = {
				ALWAYS_SEARCH_USER_PATHS = NO;
				CLANG_ANALYZER_NONNULL = YES;
				CLANG_ANALYZER_NUMBER_OBJECT_CONVERSION = YES_AGGRESSIVE;
				CLANG_CXX_LANGUAGE_STANDARD = "gnu++0x";
				CLANG_CXX_LIBRARY = "libc++";
				CLANG_ENABLE_MODULES = YES;
				CLANG_ENABLE_OBJC_ARC = YES;
				CLANG_WARN_BOOL_CONVERSION = YES;
				CLANG_WARN_CONSTANT_CONVERSION = YES;
				CLANG_WARN_DIRECT_OBJC_ISA_USAGE = YES_ERROR;
				CLANG_WARN_DOCUMENTATION_COMMENTS = YES;
				CLANG_WARN_EMPTY_BODY = YES;
				CLANG_WARN_ENUM_CONVERSION = YES;
				CLANG_WARN_INFINITE_RECURSION = YES;
				CLANG_WARN_INT_CONVERSION = YES;
				CLANG_WARN_OBJC_ROOT_CLASS = YES_ERROR;
				CLANG_WARN_SUSPICIOUS_MOVE = YES;
				CLANG_WARN_UNREACHABLE_CODE = YES;
				CLANG_WARN__DUPLICATE_METHOD_MATCH = YES;
				"CODE_SIGN_IDENTITY[sdk=iphoneos*]" = "iPhone Developer";
				COPY_PHASE_STRIP = NO;
				DEBUG_INFORMATION_FORMAT = "dwarf-with-dsym";
				ENABLE_NS_ASSERTIONS = NO;
				ENABLE_STRICT_OBJC_MSGSEND = YES;
				GCC_C_LANGUAGE_STANDARD = gnu99;
				GCC_NO_COMMON_BLOCKS = YES;
				GCC_WARN_64_TO_32_BIT_CONVERSION = YES;
				GCC_WARN_ABOUT_RETURN_TYPE = YES_ERROR;
				GCC_WARN_UNDECLARED_SELECTOR = YES;
				GCC_WARN_UNINITIALIZED_AUTOS = YES_AGGRESSIVE;
				GCC_WARN_UNUSED_FUNCTION = YES;
				GCC_WARN_UNUSED_VARIABLE = YES;
				IPHONEOS_DEPLOYMENT_TARGET = 10.3;
				MTL_ENABLE_DEBUG_INFO = NO;
				SDKROOT = iphoneos;
				TARGETED_DEVICE_FAMILY = "1,2";
				VALIDATE_PRODUCT = YES;
			};
			name = Release;
		};
		016C56151F6DDE010049ABC3 /* Debug */ = {
			isa = XCBuildConfiguration;
			buildSettings = {
				ASSETCATALOG_COMPILER_APPICON_NAME = AppIcon;
				INFOPLIST_FILE = "Bill Splitter/Info.plist";
				LD_RUNPATH_SEARCH_PATHS = "$(inherited) @executable_path/Frameworks";
				PRODUCT_BUNDLE_IDENTIFIER = "com.nickguerrero.Bill-Splitter";
				PRODUCT_NAME = "$(TARGET_NAME)";
			};
			name = Debug;
		};
		016C56161F6DDE010049ABC3 /* Release */ = {
			isa = XCBuildConfiguration;
			buildSettings = {
				ASSETCATALOG_COMPILER_APPICON_NAME = AppIcon;
				INFOPLIST_FILE = "Bill Splitter/Info.plist";
				LD_RUNPATH_SEARCH_PATHS = "$(inherited) @executable_path/Frameworks";
				PRODUCT_BUNDLE_IDENTIFIER = "com.nickguerrero.Bill-Splitter";
				PRODUCT_NAME = "$(TARGET_NAME)";
			};
			name = Release;
		};
/* End XCBuildConfiguration section */

/* Begin XCConfigurationList section */
		016C55F81F6DDE010049ABC3 /* Build configuration list for PBXProject "Bill Splitter" */ = {
			isa = XCConfigurationList;
			buildConfigurations = (
				016C56121F6DDE010049ABC3 /* Debug */,
				016C56131F6DDE010049ABC3 /* Release */,
			);
			defaultConfigurationIsVisible = 0;
			defaultConfigurationName = Release;
		};
		016C56141F6DDE010049ABC3 /* Build configuration list for PBXNativeTarget "Bill Splitter" */ = {
			isa = XCConfigurationList;
			buildConfigurations = (
				016C56151F6DDE010049ABC3 /* Debug */,
				016C56161F6DDE010049ABC3 /* Release */,
			);
			defaultConfigurationIsVisible = 0;
		};
/* End XCConfigurationList section */
	};
	rootObject = 016C55F51F6DDE010049ABC3 /* Project object */;
}
